
Microsoft Visual Studio Solution File, Format Version 12.00
# Visual Studio 14
VisualStudioVersion = 14.0.25123.0
MinimumVisualStudioVersion = 10.0.40219.1
Project("{FAE04EC0-301F-11D3-BF4B-00C04F79EFBC}") = "WsFederationPoC", "WsFederationPoC\WsFederationPoC.csproj", "{C5AAD52E-8D59-4D9F-982F-876929277BF6}"
EndProject
Project("{FAE04EC0-301F-11D3-BF4B-00C04F79EFBC}") = "WsFederationSharePointAddIn", "WsFederationSharePointAddIn\WsFederationSharePointAddIn.csproj", "{6C2BECBC-88A5-45C0-8EE0-6CDB24B8EC8C}"
EndProject
Project("{2150E333-8FDC-42A3-9474-1A3956D46DE8}") = "Solution Items", "Solution Items", "{276D3370-EF48-4294-AC2C-46C83D20ACEE}"
	ProjectSection(SolutionItems) = preProject
		PowerShell\LDAPCP-ClaimTypeMappings.ps1 = PowerShell\LDAPCP-ClaimTypeMappings.ps1
		package.json = package.json
		Readme.md = Readme.md
	EndProjectSection
EndProject
Project("{FAE04EC0-301F-11D3-BF4B-00C04F79EFBC}") = "WsFederationPoC.Tests", "WsFederationPoC.Tests\WsFederationPoC.Tests.csproj", "{B4D4B987-FE80-4981-9007-2B25CFF9CCFD}"
EndProject
Global
	GlobalSection(SolutionConfigurationPlatforms) = preSolution
		Debug|Any CPU = Debug|Any CPU
		Release|Any CPU = Release|Any CPU
	EndGlobalSection
	GlobalSection(ProjectConfigurationPlatforms) = postSolution
		{C5AAD52E-8D59-4D9F-982F-876929277BF6}.Debug|Any CPU.ActiveCfg = Debug|Any CPU
		{C5AAD52E-8D59-4D9F-982F-876929277BF6}.Debug|Any CPU.Build.0 = Debug|Any CPU
		{C5AAD52E-8D59-4D9F-982F-876929277BF6}.Release|Any CPU.ActiveCfg = Release|Any CPU
		{C5AAD52E-8D59-4D9F-982F-876929277BF6}.Release|Any CPU.Build.0 = Release|Any CPU
		{6C2BECBC-88A5-45C0-8EE0-6CDB24B8EC8C}.Debug|Any CPU.ActiveCfg = Debug|Any CPU
		{6C2BECBC-88A5-45C0-8EE0-6CDB24B8EC8C}.Debug|Any CPU.Build.0 = Debug|Any CPU
		{6C2BECBC-88A5-45C0-8EE0-6CDB24B8EC8C}.Debug|Any CPU.Deploy.0 = Debug|Any CPU
		{6C2BECBC-88A5-45C0-8EE0-6CDB24B8EC8C}.Release|Any CPU.ActiveCfg = Release|Any CPU
		{6C2BECBC-88A5-45C0-8EE0-6CDB24B8EC8C}.Release|Any CPU.Build.0 = Release|Any CPU
		{6C2BECBC-88A5-45C0-8EE0-6CDB24B8EC8C}.Release|Any CPU.Deploy.0 = Release|Any CPU
		{B4D4B987-FE80-4981-9007-2B25CFF9CCFD}.Debug|Any CPU.ActiveCfg = Debug|Any CPU
		{B4D4B987-FE80-4981-9007-2B25CFF9CCFD}.Debug|Any CPU.Build.0 = Debug|Any CPU
		{B4D4B987-FE80-4981-9007-2B25CFF9CCFD}.Release|Any CPU.ActiveCfg = Release|Any CPU
		{B4D4B987-FE80-4981-9007-2B25CFF9CCFD}.Release|Any CPU.Build.0 = Release|Any CPU
	EndGlobalSection
	GlobalSection(SolutionProperties) = preSolution
		HideSolutionNode = FALSE
	EndGlobalSection
EndGlobal
